
Microsoft Visual Studio Solution File, Format Version 12.00
# Visual Studio Version 17
VisualStudioVersion = 17.10.34916.146
MinimumVisualStudioVersion = 10.0.40219.1
Project("{FAE04EC0-301F-11D3-BF4B-00C04F79EFBC}") = "E-CommerceASP", "E-CommerceASP\E-CommerceASP.csproj", "{4A292AAF-9E03-418F-B429-211B8A72756C}"
EndProject
Global
	GlobalSection(SolutionConfigurationPlatforms) = preSolution
		Debug|Any CPU = Debug|Any CPU
		Release|Any CPU = Release|Any CPU
	EndGlobalSection
	GlobalSection(ProjectConfigurationPlatforms) = postSolution
		{4A292AAF-9E03-418F-B429-211B8A72756C}.Debug|Any CPU.ActiveCfg = Debug|Any CPU
		{4A292AAF-9E03-418F-B429-211B8A72756C}.Debug|Any CPU.Build.0 = Debug|Any CPU
		{4A292AAF-9E03-418F-B429-211B8A72756C}.Release|Any CPU.ActiveCfg = Release|Any CPU
		{4A292AAF-9E03-418F-B429-211B8A72756C}.Release|Any CPU.Build.0 = Release|Any CPU
	EndGlobalSection
	GlobalSection(SolutionProperties) = preSolution
		HideSolutionNode = FALSE
	EndGlobalSection
	GlobalSection(ExtensibilityGlobals) = postSolution
		SolutionGuid = {2AC7C6EF-5E11-4972-8DBC-4F4E770E7C5C}
	EndGlobalSection
EndGlobal
